
Microsoft Visual Studio Solution File, Format Version 12.00
# Visual Studio Version 16
VisualStudioVersion = 16.0.810.6
MinimumVisualStudioVersion = 10.0.40219.1
Project("{FAE04EC0-301F-11D3-BF4B-00C04F79EFBC}") = "EjemplosCSharpApp", "EjemplosCSharpApp.csproj", "{EE1C67A1-81CB-4BD5-8A78-E64302450ACF}"
EndProject
Global
	GlobalSection(SolutionConfigurationPlatforms) = preSolution
		Debug|Any CPU = Debug|Any CPU
		Release|Any CPU = Release|Any CPU
	EndGlobalSection
	GlobalSection(ProjectConfigurationPlatforms) = postSolution
		{EE1C67A1-81CB-4BD5-8A78-E64302450ACF}.Debug|Any CPU.ActiveCfg = Debug|Any CPU
		{EE1C67A1-81CB-4BD5-8A78-E64302450ACF}.Debug|Any CPU.Build.0 = Debug|Any CPU
		{EE1C67A1-81CB-4BD5-8A78-E64302450ACF}.Release|Any CPU.ActiveCfg = Release|Any CPU
		{EE1C67A1-81CB-4BD5-8A78-E64302450ACF}.Release|Any CPU.Build.0 = Release|Any CPU
	EndGlobalSection
	GlobalSection(SolutionProperties) = preSolution
		HideSolutionNode = FALSE
	EndGlobalSection
	GlobalSection(ExtensibilityGlobals) = postSolution
		SolutionGuid = {3DCE1410-FAE3-44A8-80B5-BF0E547189BB}
	EndGlobalSection
EndGlobal
